
Microsoft Visual Studio Solution File, Format Version 12.00
# Visual Studio Version 17
VisualStudioVersion = 17.14.36221.1
MinimumVisualStudioVersion = 10.0.40219.1
Project("{FAE04EC0-301F-11D3-BF4B-00C04F79EFBC}") = "MagicVilla_VillaAPI", "MagicVilla_VillaAPI\MagicVilla_VillaAPI.csproj", "{24084A8F-DC71-4C85-BC70-8FBD35D8EE29}"
EndProject
Project("{FAE04EC0-301F-11D3-BF4B-00C04F79EFBC}") = "MagicVilla_Web", "MagicVilla_Web\MagicVilla_Web.csproj", "{9A5C81C7-12A8-4913-8E80-45287EC5D577}"
EndProject
Project("{FAE04EC0-301F-11D3-BF4B-00C04F79EFBC}") = "MagicVilla_Utility", "MagicVilla_Utility\MagicVilla_Utility.csproj", "{41133EAC-BC11-40B8-BE24-DE34C67C1227}"
EndProject
Global
	GlobalSection(SolutionConfigurationPlatforms) = preSolution
		Debug|Any CPU = Debug|Any CPU
		Release|Any CPU = Release|Any CPU
	EndGlobalSection
	GlobalSection(ProjectConfigurationPlatforms) = postSolution
		{24084A8F-DC71-4C85-BC70-8FBD35D8EE29}.Debug|Any CPU.ActiveCfg = Debug|Any CPU
		{24084A8F-DC71-4C85-BC70-8FBD35D8EE29}.Debug|Any CPU.Build.0 = Debug|Any CPU
		{24084A8F-DC71-4C85-BC70-8FBD35D8EE29}.Release|Any CPU.ActiveCfg = Release|Any CPU
		{24084A8F-DC71-4C85-BC70-8FBD35D8EE29}.Release|Any CPU.Build.0 = Release|Any CPU
		{9A5C81C7-12A8-4913-8E80-45287EC5D577}.Debug|Any CPU.ActiveCfg = Debug|Any CPU
		{9A5C81C7-12A8-4913-8E80-45287EC5D577}.Debug|Any CPU.Build.0 = Debug|Any CPU
		{9A5C81C7-12A8-4913-8E80-45287EC5D577}.Release|Any CPU.ActiveCfg = Release|Any CPU
		{9A5C81C7-12A8-4913-8E80-45287EC5D577}.Release|Any CPU.Build.0 = Release|Any CPU
		{41133EAC-BC11-40B8-BE24-DE34C67C1227}.Debug|Any CPU.ActiveCfg = Debug|Any CPU
		{41133EAC-BC11-40B8-BE24-DE34C67C1227}.Debug|Any CPU.Build.0 = Debug|Any CPU
		{41133EAC-BC11-40B8-BE24-DE34C67C1227}.Release|Any CPU.ActiveCfg = Release|Any CPU
		{41133EAC-BC11-40B8-BE24-DE34C67C1227}.Release|Any CPU.Build.0 = Release|Any CPU
	EndGlobalSection
	GlobalSection(SolutionProperties) = preSolution
		HideSolutionNode = FALSE
	EndGlobalSection
	GlobalSection(ExtensibilityGlobals) = postSolution
		SolutionGuid = {42B3AAF7-2847-4329-956B-FE478690F133}
	EndGlobalSection
EndGlobal
